# This file is automatically @generated by Cargo.
# It is not intended for manual editing.
version = 4

[[package]]
name = "openepl-backend"
version = "0.0.0"
dependencies = [
 "openepl-ir",
]

[[package]]
name = "openepl-cli"
version = "0.0.0"
dependencies = [
 "openepl-backend",
 "openepl-ir",
]

[[package]]
name = "openepl-ir"
version = "0.0.0"
